// !$*UTF8*$!
{
	archiveVersion = 1;
	classes = {
	};
	objectVersion = 46;
	objects = {

/* Begin PBXBuildFile section */
		007DA6E846067335262484F8 /* Pods_Fake_O_Gram.framework in Frameworks */ = {isa = PBXBuildFile; fileRef = DF9E19B84FC3542447DE3503 /* Pods_Fake_O_Gram.framework */; };
		6D0D5B1B1E12A582004AAD7A /* DataService.swift in Sources */ = {isa = PBXBuildFile; fileRef = 6D0D5B1A1E12A582004AAD7A /* DataService.swift */; };
		6D0D5B1D1E12B537004AAD7A /* Post.swift in Sources */ = {isa = PBXBuildFile; fileRef = 6D0D5B1C1E12B537004AAD7A /* Post.swift */; };
		6D1451DF1E058E2D00F78CDF /* FeedVC.swift in Sources */ = {isa = PBXBuildFile; fileRef = 6D1451DE1E058E2D00F78CDF /* FeedVC.swift */; };
		6D2DA1FD1E0132AA00C40F56 /* AppDelegate.swift in Sources */ = {isa = PBXBuildFile; fileRef = 6D2DA1FC1E0132AA00C40F56 /* AppDelegate.swift */; };
		6D2DA1FF1E0132AA00C40F56 /* LoginVC.swift in Sources */ = {isa = PBXBuildFile; fileRef = 6D2DA1FE1E0132AA00C40F56 /* LoginVC.swift */; };
		6D2DA2021E0132AA00C40F56 /* Main.storyboard in Resources */ = {isa = PBXBuildFile; fileRef = 6D2DA2001E0132AA00C40F56 /* Main.storyboard */; };
		6D2DA2041E0132AA00C40F56 /* Assets.xcassets in Resources */ = {isa = PBXBuildFile; fileRef = 6D2DA2031E0132AA00C40F56 /* Assets.xcassets */; };
		6D2DA2071E0132AA00C40F56 /* LaunchScreen.storyboard in Resources */ = {isa = PBXBuildFile; fileRef = 6D2DA2051E0132AA00C40F56 /* LaunchScreen.storyboard */; };
		6D2DA9181E027DF2006A84E3 /* CircularButton.swift in Sources */ = {isa = PBXBuildFile; fileRef = 6D2DA9171E027DF2006A84E3 /* CircularButton.swift */; };
		6D5C16E91E0142A4005F6B33 /* GoogleService-Info.plist in Resources */ = {isa = PBXBuildFile; fileRef = 6D5C16E81E0142A4005F6B33 /* GoogleService-Info.plist */; };
		6D8CB9E11E0D744B005F2939 /* CellItem.swift in Sources */ = {isa = PBXBuildFile; fileRef = 6D8CB9E01E0D744B005F2939 /* CellItem.swift */; };
		6D8CB9E31E0D75D6005F2939 /* CircularImage.swift in Sources */ = {isa = PBXBuildFile; fileRef = 6D8CB9E21E0D75D6005F2939 /* CircularImage.swift */; };
/* End PBXBuildFile section */

/* Begin PBXFileReference section */
		6D0D5B1A1E12A582004AAD7A /* DataService.swift */ = {isa = PBXFileReference; fileEncoding = 4; lastKnownFileType = sourcecode.swift; path = DataService.swift; sourceTree = "<group>"; };
		6D0D5B1C1E12B537004AAD7A /* Post.swift */ = {isa = PBXFileReference; fileEncoding = 4; lastKnownFileType = sourcecode.swift; path = Post.swift; sourceTree = "<group>"; };
		6D1451DD1E058D9D00F78CDF /* Fake-O-Gram.entitlements */ = {isa = PBXFileReference; lastKnownFileType = text.plist.entitlements; path = "Fake-O-Gram.entitlements"; sourceTree = "<group>"; };
		6D1451DE1E058E2D00F78CDF /* FeedVC.swift */ = {isa = PBXFileReference; fileEncoding = 4; lastKnownFileType = sourcecode.swift; path = FeedVC.swift; sourceTree = "<group>"; };
		6D2DA1F91E0132AA00C40F56 /* Fake-O-Gram.app */ = {isa = PBXFileReference; explicitFileType = wrapper.application; includeInIndex = 0; path = "Fake-O-Gram.app"; sourceTree = BUILT_PRODUCTS_DIR; };
		6D2DA1FC1E0132AA00C40F56 /* AppDelegate.swift */ = {isa = PBXFileReference; lastKnownFileType = sourcecode.swift; path = AppDelegate.swift; sourceTree = "<group>"; };
		6D2DA1FE1E0132AA00C40F56 /* LoginVC.swift */ = {isa = PBXFileReference; lastKnownFileType = sourcecode.swift; path = LoginVC.swift; sourceTree = "<group>"; };
		6D2DA2011E0132AA00C40F56 /* Base */ = {isa = PBXFileReference; lastKnownFileType = file.storyboard; name = Base; path = Base.lproj/Main.storyboard; sourceTree = "<group>"; };
		6D2DA2031E0132AA00C40F56 /* Assets.xcassets */ = {isa = PBXFileReference; lastKnownFileType = folder.assetcatalog; path = Assets.xcassets; sourceTree = "<group>"; };
		6D2DA2061E0132AA00C40F56 /* Base */ = {isa = PBXFileReference; lastKnownFileType = file.storyboard; name = Base; path = Base.lproj/LaunchScreen.storyboard; sourceTree = "<group>"; };
		6D2DA2081E0132AA00C40F56 /* Info.plist */ = {isa = PBXFileReference; lastKnownFileType = text.plist.xml; path = Info.plist; sourceTree = "<group>"; };
		6D2DA9171E027DF2006A84E3 /* CircularButton.swift */ = {isa = PBXFileReference; fileEncoding = 4; lastKnownFileType = sourcecode.swift; path = CircularButton.swift; sourceTree = "<group>"; };
		6D5C16E81E0142A4005F6B33 /* GoogleService-Info.plist */ = {isa = PBXFileReference; fileEncoding = 4; lastKnownFileType = text.plist.xml; path = "GoogleService-Info.plist"; sourceTree = "<group>"; };
		6D8CB9E01E0D744B005F2939 /* CellItem.swift */ = {isa = PBXFileReference; fileEncoding = 4; lastKnownFileType = sourcecode.swift; path = CellItem.swift; sourceTree = "<group>"; };
		6D8CB9E21E0D75D6005F2939 /* CircularImage.swift */ = {isa = PBXFileReference; fileEncoding = 4; lastKnownFileType = sourcecode.swift; path = CircularImage.swift; sourceTree = "<group>"; };
		DF9E19B84FC3542447DE3503 /* Pods_Fake_O_Gram.framework */ = {isa = PBXFileReference; explicitFileType = wrapper.framework; includeInIndex = 0; path = Pods_Fake_O_Gram.framework; sourceTree = BUILT_PRODUCTS_DIR; };
		ED89F6A75662A1BE49F19AEE /* Pods-Fake-O-Gram.release.xcconfig */ = {isa = PBXFileReference; includeInIndex = 1; lastKnownFileType = text.xcconfig; name = "Pods-Fake-O-Gram.release.xcconfig"; path = "Pods/Target Support Files/Pods-Fake-O-Gram/Pods-Fake-O-Gram.release.xcconfig"; sourceTree = "<group>"; };
		FB60E282A9F70466C3E83510 /* Pods-Fake-O-Gram.debug.xcconfig */ = {isa = PBXFileReference; includeInIndex = 1; lastKnownFileType = text.xcconfig; name = "Pods-Fake-O-Gram.debug.xcconfig"; path = "Pods/Target Support Files/Pods-Fake-O-Gram/Pods-Fake-O-Gram.debug.xcconfig"; sourceTree = "<group>"; };
/* End PBXFileReference section */

/* Begin PBXFrameworksBuildPhase section */
		6D2DA1F61E0132A900C40F56 /* Frameworks */ = {
			isa = PBXFrameworksBuildPhase;
			buildActionMask = 2147483647;
			files = (
				007DA6E846067335262484F8 /* Pods_Fake_O_Gram.framework in Frameworks */,
			);
			runOnlyForDeploymentPostprocessing = 0;
		};
/* End PBXFrameworksBuildPhase section */

/* Begin PBXGroup section */
		6D0D5B191E12A573004AAD7A /* Services */ = {
			isa = PBXGroup;
			children = (
				6D0D5B1A1E12A582004AAD7A /* DataService.swift */,
			);
			name = Services;
			sourceTree = "<group>";
		};
		6D2DA1F01E0132A900C40F56 = {
			isa = PBXGroup;
			children = (
				6D2DA1FB1E0132AA00C40F56 /* Fake-O-Gram */,
				6D2DA1FA1E0132AA00C40F56 /* Products */,
				D05849EE3F5C5D4F6D152F78 /* Pods */,
				BDE7A67B2E3038D6FE87242F /* Frameworks */,
			);
			sourceTree = "<group>";
		};
		6D2DA1FA1E0132AA00C40F56 /* Products */ = {
			isa = PBXGroup;
			children = (
				6D2DA1F91E0132AA00C40F56 /* Fake-O-Gram.app */,
			);
			name = Products;
			sourceTree = "<group>";
		};
		6D2DA1FB1E0132AA00C40F56 /* Fake-O-Gram */ = {
			isa = PBXGroup;
			children = (
				6D0D5B191E12A573004AAD7A /* Services */,
				6D1451DD1E058D9D00F78CDF /* Fake-O-Gram.entitlements */,
				6D5C16E51E01371A005F6B33 /* Model */,
				6D5C16E61E01371F005F6B33 /* View */,
				6D5C16E71E013723005F6B33 /* Controller */,
				6D2DA1FC1E0132AA00C40F56 /* AppDelegate.swift */,
				6D2DA2001E0132AA00C40F56 /* Main.storyboard */,
				6D2DA2031E0132AA00C40F56 /* Assets.xcassets */,
				6D5C16E81E0142A4005F6B33 /* GoogleService-Info.plist */,
				6D2DA2051E0132AA00C40F56 /* LaunchScreen.storyboard */,
				6D2DA2081E0132AA00C40F56 /* Info.plist */,
			);
			path = "Fake-O-Gram";
			sourceTree = "<group>";
		};
		6D5C16E51E01371A005F6B33 /* Model */ = {
			isa = PBXGroup;
			children = (
				6D0D5B1C1E12B537004AAD7A /* Post.swift */,
			);
			name = Model;
			sourceTree = "<group>";
		};
		6D5C16E61E01371F005F6B33 /* View */ = {
			isa = PBXGroup;
			children = (
				6D2DA9171E027DF2006A84E3 /* CircularButton.swift */,
				6D8CB9E01E0D744B005F2939 /* CellItem.swift */,
				6D8CB9E21E0D75D6005F2939 /* CircularImage.swift */,
			);
			name = View;
			sourceTree = "<group>";
		};
		6D5C16E71E013723005F6B33 /* Controller */ = {
			isa = PBXGroup;
			children = (
				6D2DA1FE1E0132AA00C40F56 /* LoginVC.swift */,
				6D1451DE1E058E2D00F78CDF /* FeedVC.swift */,
			);
			name = Controller;
			sourceTree = "<group>";
		};
		BDE7A67B2E3038D6FE87242F /* Frameworks */ = {
			isa = PBXGroup;
			children = (
				DF9E19B84FC3542447DE3503 /* Pods_Fake_O_Gram.framework */,
			);
			name = Frameworks;
			sourceTree = "<group>";
		};
		D05849EE3F5C5D4F6D152F78 /* Pods */ = {
			isa = PBXGroup;
			children = (
				FB60E282A9F70466C3E83510 /* Pods-Fake-O-Gram.debug.xcconfig */,
				ED89F6A75662A1BE49F19AEE /* Pods-Fake-O-Gram.release.xcconfig */,
			);
			name = Pods;
			sourceTree = "<group>";
		};
/* End PBXGroup section */

/* Begin PBXNativeTarget section */
		6D2DA1F81E0132A900C40F56 /* Fake-O-Gram */ = {
			isa = PBXNativeTarget;
			buildConfigurationList = 6D2DA20B1E0132AA00C40F56 /* Build configuration list for PBXNativeTarget "Fake-O-Gram" */;
			buildPhases = (
				0AA025DD2D00EA123545D136 /* [CP] Check Pods Manifest.lock */,
				6D2DA1F51E0132A900C40F56 /* Sources */,
				6D2DA1F61E0132A900C40F56 /* Frameworks */,
				6D2DA1F71E0132A900C40F56 /* Resources */,
				57C65A81F65F9A02B623C928 /* [CP] Embed Pods Frameworks */,
				9BEF6EB29F385A5AC1F6CB90 /* [CP] Copy Pods Resources */,
			);
			buildRules = (
			);
			dependencies = (
			);
			name = "Fake-O-Gram";
			productName = "Fake-O-Gram";
			productReference = 6D2DA1F91E0132AA00C40F56 /* Fake-O-Gram.app */;
			productType = "com.apple.product-type.application";
		};
/* End PBXNativeTarget section */

/* Begin PBXProject section */
		6D2DA1F11E0132A900C40F56 /* Project object */ = {
			isa = PBXProject;
			attributes = {
				LastSwiftUpdateCheck = 0810;
				LastUpgradeCheck = 0820;
				ORGANIZATIONNAME = INdCODERS;
				TargetAttributes = {
					6D2DA1F81E0132A900C40F56 = {
						CreatedOnToolsVersion = 8.1;
						DevelopmentTeam = Y7XR9L7W6S;
						ProvisioningStyle = Automatic;
						SystemCapabilities = {
							com.apple.Keychain = {
								enabled = 1;
							};
						};
					};
				};
			};
			buildConfigurationList = 6D2DA1F41E0132A900C40F56 /* Build configuration list for PBXProject "Fake-O-Gram" */;
			compatibilityVersion = "Xcode 3.2";
			developmentRegion = English;
			hasScannedForEncodings = 0;
			knownRegions = (
				en,
				Base,
			);
			mainGroup = 6D2DA1F01E0132A900C40F56;
			productRefGroup = 6D2DA1FA1E0132AA00C40F56 /* Products */;
			projectDirPath = "";
			projectRoot = "";
			targets = (
				6D2DA1F81E0132A900C40F56 /* Fake-O-Gram */,
			);
		};
/* End PBXProject section */

/* Begin PBXResourcesBuildPhase section */
		6D2DA1F71E0132A900C40F56 /* Resources */ = {
			isa = PBXResourcesBuildPhase;
			buildActionMask = 2147483647;
			files = (
				6D2DA2071E0132AA00C40F56 /* LaunchScreen.storyboard in Resources */,
				6D2DA2041E0132AA00C40F56 /* Assets.xcassets in Resources */,
				6D2DA2021E0132AA00C40F56 /* Main.storyboard in Resources */,
				6D5C16E91E0142A4005F6B33 /* GoogleService-Info.plist in Resources */,
			);
			runOnlyForDeploymentPostprocessing = 0;
		};
/* End PBXResourcesBuildPhase section */

/* Begin PBXShellScriptBuildPhase section */
		0AA025DD2D00EA123545D136 /* [CP] Check Pods Manifest.lock */ = {
			isa = PBXShellScriptBuildPhase;
			buildActionMask = 2147483647;
			files = (
			);
			inputPaths = (
			);
			name = "[CP] Check Pods Manifest.lock";
			outputPaths = (
			);
			runOnlyForDeploymentPostprocessing = 0;
			shellPath = /bin/sh;
			shellScript = "diff \"${PODS_ROOT}/../Podfile.lock\" \"${PODS_ROOT}/Manifest.lock\" > /dev/null\nif [ $? != 0 ] ; then\n    # print error to STDERR\n    echo \"error: The sandbox is not in sync with the Podfile.lock. Run 'pod install' or update your CocoaPods installation.\" >&2\n    exit 1\nfi\n";
			showEnvVarsInLog = 0;
		};
		57C65A81F65F9A02B623C928 /* [CP] Embed Pods Frameworks */ = {
			isa = PBXShellScriptBuildPhase;
			buildActionMask = 2147483647;
			files = (
			);
			inputPaths = (
			);
			name = "[CP] Embed Pods Frameworks";
			outputPaths = (
			);
			runOnlyForDeploymentPostprocessing = 0;
			shellPath = /bin/sh;
			shellScript = "\"${SRCROOT}/Pods/Target Support Files/Pods-Fake-O-Gram/Pods-Fake-O-Gram-frameworks.sh\"\n";
			showEnvVarsInLog = 0;
		};
		9BEF6EB29F385A5AC1F6CB90 /* [CP] Copy Pods Resources */ = {
			isa = PBXShellScriptBuildPhase;
			buildActionMask = 2147483647;
			files = (
			);
			inputPaths = (
			);
			name = "[CP] Copy Pods Resources";
			outputPaths = (
			);
			runOnlyForDeploymentPostprocessing = 0;
			shellPath = /bin/sh;
			shellScript = "\"${SRCROOT}/Pods/Target Support Files/Pods-Fake-O-Gram/Pods-Fake-O-Gram-resources.sh\"\n";
			showEnvVarsInLog = 0;
		};
/* End PBXShellScriptBuildPhase section */

/* Begin PBXSourcesBuildPhase section */
		6D2DA1F51E0132A900C40F56 /* Sources */ = {
			isa = PBXSourcesBuildPhase;
			buildActionMask = 2147483647;
			files = (
				6D8CB9E11E0D744B005F2939 /* CellItem.swift in Sources */,
				6D0D5B1B1E12A582004AAD7A /* DataService.swift in Sources */,
				6D1451DF1E058E2D00F78CDF /* FeedVC.swift in Sources */,
				6D0D5B1D1E12B537004AAD7A /* Post.swift in Sources */,
				6D8CB9E31E0D75D6005F2939 /* CircularImage.swift in Sources */,
				6D2DA9181E027DF2006A84E3 /* CircularButton.swift in Sources */,
				6D2DA1FF1E0132AA00C40F56 /* LoginVC.swift in Sources */,
				6D2DA1FD1E0132AA00C40F56 /* AppDelegate.swift in Sources */,
			);
			runOnlyForDeploymentPostprocessing = 0;
		};
/* End PBXSourcesBuildPhase section */

/* Begin PBXVariantGroup section */
		6D2DA2001E0132AA00C40F56 /* Main.storyboard */ = {
			isa = PBXVariantGroup;
			children = (
				6D2DA2011E0132AA00C40F56 /* Base */,
			);
			name = Main.storyboard;
			sourceTree = "<group>";
		};
		6D2DA2051E0132AA00C40F56 /* LaunchScreen.storyboard */ = {
			isa = PBXVariantGroup;
			children = (
				6D2DA2061E0132AA00C40F56 /* Base */,
			);
			name = LaunchScreen.storyboard;
			sourceTree = "<group>";
		};
/* End PBXVariantGroup section */

/* Begin XCBuildConfiguration section */
		6D2DA2091E0132AA00C40F56 /* Debug */ = {
			isa = XCBuildConfiguration;
			buildSettings = {
				ALWAYS_SEARCH_USER_PATHS = NO;
				CLANG_ANALYZER_NONNULL = YES;
				CLANG_CXX_LANGUAGE_STANDARD = "gnu++0x";
				CLANG_CXX_LIBRARY = "libc++";
				CLANG_ENABLE_MODULES = YES;
				CLANG_ENABLE_OBJC_ARC = YES;
				CLANG_WARN_BOOL_CONVERSION = YES;
				CLANG_WARN_CONSTANT_CONVERSION = YES;
				CLANG_WARN_DIRECT_OBJC_ISA_USAGE = YES_ERROR;
				CLANG_WARN_DOCUMENTATION_COMMENTS = YES;
				CLANG_WARN_EMPTY_BODY = YES;
				CLANG_WARN_ENUM_CONVERSION = YES;
				CLANG_WARN_INFINITE_RECURSION = YES;
				CLANG_WARN_INT_CONVERSION = YES;
				CLANG_WARN_OBJC_ROOT_CLASS = YES_ERROR;
				CLANG_WARN_SUSPICIOUS_MOVE = YES;
				CLANG_WARN_SUSPICIOUS_MOVES = YES;
				CLANG_WARN_UNREACHABLE_CODE = YES;
				CLANG_WARN__DUPLICATE_METHOD_MATCH = YES;
				"CODE_SIGN_IDENTITY[sdk=iphoneos*]" = "iPhone Developer";
				COPY_PHASE_STRIP = NO;
				DEBUG_INFORMATION_FORMAT = dwarf;
				ENABLE_STRICT_OBJC_MSGSEND = YES;
				ENABLE_TESTABILITY = YES;
				GCC_C_LANGUAGE_STANDARD = gnu99;
				GCC_DYNAMIC_NO_PIC = NO;
				GCC_NO_COMMON_BLOCKS = YES;
				GCC_OPTIMIZATION_LEVEL = 0;
				GCC_PREPROCESSOR_DEFINITIONS = (
					"DEBUG=1",
					"$(inherited)",
				);
				GCC_WARN_64_TO_32_BIT_CONVERSION = YES;
				GCC_WARN_ABOUT_RETURN_TYPE = YES_ERROR;
				GCC_WARN_UNDECLARED_SELECTOR = YES;
				GCC_WARN_UNINITIALIZED_AUTOS = YES_AGGRESSIVE;
				GCC_WARN_UNUSED_FUNCTION = YES;
				GCC_WARN_UNUSED_VARIABLE = YES;
				IPHONEOS_DEPLOYMENT_TARGET = 10.1;
				MTL_ENABLE_DEBUG_INFO = YES;
				ONLY_ACTIVE_ARCH = YES;
				SDKROOT = iphoneos;
				SWIFT_ACTIVE_COMPILATION_CONDITIONS = DEBUG;
				SWIFT_OPTIMIZATION_LEVEL = "-Onone";
				TARGETED_DEVICE_FAMILY = "1,2";
			};
			name = Debug;
		};
		6D2DA20A1E0132AA00C40F56 /* Release */ = {
			isa = XCBuildConfiguration;
			buildSettings = {
				ALWAYS_SEARCH_USER_PATHS = NO;
				CLANG_ANALYZER_NONNULL = YES;
				CLANG_CXX_LANGUAGE_STANDARD = "gnu++0x";
				CLANG_CXX_LIBRARY = "libc++";
				CLANG_ENABLE_MODULES = YES;
				CLANG_ENABLE_OBJC_ARC = YES;
				CLANG_WARN_BOOL_CONVERSION = YES;
				CLANG_WARN_CONSTANT_CONVERSION = YES;
				CLANG_WARN_DIRECT_OBJC_ISA_USAGE = YES_ERROR;
				CLANG_WARN_DOCUMENTATION_COMMENTS = YES;
				CLANG_WARN_EMPTY_BODY = YES;
				CLANG_WARN_ENUM_CONVERSION = YES;
				CLANG_WARN_INFINITE_RECURSION = YES;
				CLANG_WARN_INT_CONVERSION = YES;
				CLANG_WARN_OBJC_ROOT_CLASS = YES_ERROR;
				CLANG_WARN_SUSPICIOUS_MOVE = YES;
				CLANG_WARN_SUSPICIOUS_MOVES = YES;
				CLANG_WARN_UNREACHABLE_CODE = YES;
				CLANG_WARN__DUPLICATE_METHOD_MATCH = YES;
				"CODE_SIGN_IDENTITY[sdk=iphoneos*]" = "iPhone Developer";
				COPY_PHASE_STRIP = NO;
				DEBUG_INFORMATION_FORMAT = "dwarf-with-dsym";
				ENABLE_NS_ASSERTIONS = NO;
				ENABLE_STRICT_OBJC_MSGSEND = YES;
				GCC_C_LANGUAGE_STANDARD = gnu99;
				GCC_NO_COMMON_BLOCKS = YES;
				GCC_WARN_64_TO_32_BIT_CONVERSION = YES;
				GCC_WARN_ABOUT_RETURN_TYPE = YES_ERROR;
				GCC_WARN_UNDECLARED_SELECTOR = YES;
				GCC_WARN_UNINITIALIZED_AUTOS = YES_AGGRESSIVE;
				GCC_WARN_UNUSED_FUNCTION = YES;
				GCC_WARN_UNUSED_VARIABLE = YES;
				IPHONEOS_DEPLOYMENT_TARGET = 10.1;
				MTL_ENABLE_DEBUG_INFO = NO;
				SDKROOT = iphoneos;
				SWIFT_OPTIMIZATION_LEVEL = "-Owholemodule";
				TARGETED_DEVICE_FAMILY = "1,2";
				VALIDATE_PRODUCT = YES;
			};
			name = Release;
		};
		6D2DA20C1E0132AA00C40F56 /* Debug */ = {
			isa = XCBuildConfiguration;
			baseConfigurationReference = FB60E282A9F70466C3E83510 /* Pods-Fake-O-Gram.debug.xcconfig */;
			buildSettings = {
				ALWAYS_EMBED_SWIFT_STANDARD_LIBRARIES = YES;
				ASSETCATALOG_COMPILER_APPICON_NAME = AppIcon;
				CODE_SIGN_ENTITLEMENTS = "Fake-O-Gram/Fake-O-Gram.entitlements";
				DEVELOPMENT_TEAM = Y7XR9L7W6S;
				INFOPLIST_FILE = "Fake-O-Gram/Info.plist";
				LD_RUNPATH_SEARCH_PATHS = "$(inherited) @executable_path/Frameworks";
				PRODUCT_BUNDLE_IDENTIFIER = "com.indcoders.Fake-O-Gram";
				PRODUCT_NAME = "$(TARGET_NAME)";
				SWIFT_VERSION = 3.0;
			};
			name = Debug;
		};
		6D2DA20D1E0132AA00C40F56 /* Release */ = {
			isa = XCBuildConfiguration;
			baseConfigurationReference = ED89F6A75662A1BE49F19AEE /* Pods-Fake-O-Gram.release.xcconfig */;
			buildSettings = {
				ALWAYS_EMBED_SWIFT_STANDARD_LIBRARIES = YES;
				ASSETCATALOG_COMPILER_APPICON_NAME = AppIcon;
				CODE_SIGN_ENTITLEMENTS = "Fake-O-Gram/Fake-O-Gram.entitlements";
				DEVELOPMENT_TEAM = Y7XR9L7W6S;
				INFOPLIST_FILE = "Fake-O-Gram/Info.plist";
				LD_RUNPATH_SEARCH_PATHS = "$(inherited) @executable_path/Frameworks";
				PRODUCT_BUNDLE_IDENTIFIER = "com.indcoders.Fake-O-Gram";
				PRODUCT_NAME = "$(TARGET_NAME)";
				SWIFT_VERSION = 3.0;
			};
			name = Release;
		};
/* End XCBuildConfiguration section */

/* Begin XCConfigurationList section */
		6D2DA1F41E0132A900C40F56 /* Build configuration list for PBXProject "Fake-O-Gram" */ = {
			isa = XCConfigurationList;
			buildConfigurations = (
				6D2DA2091E0132AA00C40F56 /* Debug */,
				6D2DA20A1E0132AA00C40F56 /* Release */,
			);
			defaultConfigurationIsVisible = 0;
			defaultConfigurationName = Release;
		};
		6D2DA20B1E0132AA00C40F56 /* Build configuration list for PBXNativeTarget "Fake-O-Gram" */ = {
			isa = XCConfigurationList;
			buildConfigurations = (
				6D2DA20C1E0132AA00C40F56 /* Debug */,
				6D2DA20D1E0132AA00C40F56 /* Release */,
			);
			defaultConfigurationIsVisible = 0;
			defaultConfigurationName = Release;
		};
/* End XCConfigurationList section */
	};
	rootObject = 6D2DA1F11E0132A900C40F56 /* Project object */;
}
